<Solution>
  <Folder Name="/Itens de Solução/">
    <File Path="docker-compose.yaml" />
    <File Path="NuGet.Config" />
  </Folder>
  <Folder Name="/tests/">
    <Project Path="tests/Domain.Tests/Domain.Tests.csproj" Id="71aa97c0-e44c-4b97-a8d8-03dfc18d4db5" />
  </Folder>
  <Project Path="Api/Api.csproj" />
  <Project Path="Application/Application.csproj" />
  <Project Path="Domain/Domain.csproj" />
  <Project Path="Infrastructure/Infrastructure.csproj" />
</Solution>
